// !$*UTF8*$!
{
	archiveVersion = 1;
	classes = {
	};
	objectVersion = 46;
	objects = {

/* Begin PBXBuildFile section */
		4AC0C5BE1D78A91100CBC059 /* main.m in Sources */ = {isa = PBXBuildFile; fileRef = 4AC0C5BD1D78A91100CBC059 /* main.m */; };
		4AC0C5C11D78A91100CBC059 /* AppDelegate.m in Sources */ = {isa = PBXBuildFile; fileRef = 4AC0C5C01D78A91100CBC059 /* AppDelegate.m */; };
		4AC0C5C41D78A91100CBC059 /* FirstViewController.m in Sources */ = {isa = PBXBuildFile; fileRef = 4AC0C5C31D78A91100CBC059 /* FirstViewController.m */; };
		4AC0C5C71D78A91100CBC059 /* SecondViewController.m in Sources */ = {isa = PBXBuildFile; fileRef = 4AC0C5C61D78A91100CBC059 /* SecondViewController.m */; };
		4AC0C5CA1D78A91100CBC059 /* Main.storyboard in Resources */ = {isa = PBXBuildFile; fileRef = 4AC0C5C81D78A91100CBC059 /* Main.storyboard */; };
		4AC0C5CC1D78A91100CBC059 /* Assets.xcassets in Resources */ = {isa = PBXBuildFile; fileRef = 4AC0C5CB1D78A91100CBC059 /* Assets.xcassets */; };
		4AC0C5CF1D78A91100CBC059 /* LaunchScreen.storyboard in Resources */ = {isa = PBXBuildFile; fileRef = 4AC0C5CD1D78A91100CBC059 /* LaunchScreen.storyboard */; };
		4AC0C5DB1D78AAB300CBC059 /* AnswerDashSDK.framework in Frameworks */ = {isa = PBXBuildFile; fileRef = 4AC0C5DA1D78AAB300CBC059 /* AnswerDashSDK.framework */; };
		4AC0C5DC1D78AAB300CBC059 /* AnswerDashSDK.framework in Embed Frameworks */ = {isa = PBXBuildFile; fileRef = 4AC0C5DA1D78AAB300CBC059 /* AnswerDashSDK.framework */; settings = {ATTRIBUTES = (CodeSignOnCopy, RemoveHeadersOnCopy, ); }; };
/* End PBXBuildFile section */

/* Begin PBXCopyFilesBuildPhase section */
		4AC0C5DD1D78AAB400CBC059 /* Embed Frameworks */ = {
			isa = PBXCopyFilesBuildPhase;
			buildActionMask = 2147483647;
			dstPath = "";
			dstSubfolderSpec = 10;
			files = (
				4AC0C5DC1D78AAB300CBC059 /* AnswerDashSDK.framework in Embed Frameworks */,
			);
			name = "Embed Frameworks";
			runOnlyForDeploymentPostprocessing = 0;
		};
/* End PBXCopyFilesBuildPhase section */

/* Begin PBXFileReference section */
		4AC0C5B91D78A91100CBC059 /* AnswerDashDemo.app */ = {isa = PBXFileReference; explicitFileType = wrapper.application; includeInIndex = 0; path = AnswerDashDemo.app; sourceTree = BUILT_PRODUCTS_DIR; };
		4AC0C5BD1D78A91100CBC059 /* main.m */ = {isa = PBXFileReference; lastKnownFileType = sourcecode.c.objc; path = main.m; sourceTree = "<group>"; };
		4AC0C5BF1D78A91100CBC059 /* AppDelegate.h */ = {isa = PBXFileReference; lastKnownFileType = sourcecode.c.h; path = AppDelegate.h; sourceTree = "<group>"; };
		4AC0C5C01D78A91100CBC059 /* AppDelegate.m */ = {isa = PBXFileReference; lastKnownFileType = sourcecode.c.objc; path = AppDelegate.m; sourceTree = "<group>"; };
		4AC0C5C21D78A91100CBC059 /* FirstViewController.h */ = {isa = PBXFileReference; lastKnownFileType = sourcecode.c.h; path = FirstViewController.h; sourceTree = "<group>"; };
		4AC0C5C31D78A91100CBC059 /* FirstViewController.m */ = {isa = PBXFileReference; lastKnownFileType = sourcecode.c.objc; path = FirstViewController.m; sourceTree = "<group>"; };
		4AC0C5C51D78A91100CBC059 /* SecondViewController.h */ = {isa = PBXFileReference; lastKnownFileType = sourcecode.c.h; path = SecondViewController.h; sourceTree = "<group>"; };
		4AC0C5C61D78A91100CBC059 /* SecondViewController.m */ = {isa = PBXFileReference; lastKnownFileType = sourcecode.c.objc; path = SecondViewController.m; sourceTree = "<group>"; };
		4AC0C5C91D78A91100CBC059 /* Base */ = {isa = PBXFileReference; lastKnownFileType = file.storyboard; name = Base; path = Base.lproj/Main.storyboard; sourceTree = "<group>"; };
		4AC0C5CB1D78A91100CBC059 /* Assets.xcassets */ = {isa = PBXFileReference; lastKnownFileType = folder.assetcatalog; path = Assets.xcassets; sourceTree = "<group>"; };
		4AC0C5CE1D78A91100CBC059 /* Base */ = {isa = PBXFileReference; lastKnownFileType = file.storyboard; name = Base; path = Base.lproj/LaunchScreen.storyboard; sourceTree = "<group>"; };
		4AC0C5D01D78A91100CBC059 /* Info.plist */ = {isa = PBXFileReference; lastKnownFileType = text.plist.xml; path = Info.plist; sourceTree = "<group>"; };
		4AC0C5DA1D78AAB300CBC059 /* AnswerDashSDK.framework */ = {isa = PBXFileReference; lastKnownFileType = wrapper.framework; name = AnswerDashSDK.framework; path = AnswerDashDemo.xcodeproj/AnswerDashSDK.framework; sourceTree = "<group>"; };
/* End PBXFileReference section */

/* Begin PBXFrameworksBuildPhase section */
		4AC0C5B61D78A91100CBC059 /* Frameworks */ = {
			isa = PBXFrameworksBuildPhase;
			buildActionMask = 2147483647;
			files = (
				4AC0C5DB1D78AAB300CBC059 /* AnswerDashSDK.framework in Frameworks */,
			);
			runOnlyForDeploymentPostprocessing = 0;
		};
/* End PBXFrameworksBuildPhase section */

/* Begin PBXGroup section */
		4AC0C5B01D78A91100CBC059 = {
			isa = PBXGroup;
			children = (
				4AC0C5DA1D78AAB300CBC059 /* AnswerDashSDK.framework */,
				4AC0C5BB1D78A91100CBC059 /* AnswerDashDemo */,
				4AC0C5BA1D78A91100CBC059 /* Products */,
			);
			sourceTree = "<group>";
		};
		4AC0C5BA1D78A91100CBC059 /* Products */ = {
			isa = PBXGroup;
			children = (
				4AC0C5B91D78A91100CBC059 /* AnswerDashDemo.app */,
			);
			name = Products;
			sourceTree = "<group>";
		};
		4AC0C5BB1D78A91100CBC059 /* AnswerDashDemo */ = {
			isa = PBXGroup;
			children = (
				4AC0C5BF1D78A91100CBC059 /* AppDelegate.h */,
				4AC0C5C01D78A91100CBC059 /* AppDelegate.m */,
				4AC0C5C21D78A91100CBC059 /* FirstViewController.h */,
				4AC0C5C31D78A91100CBC059 /* FirstViewController.m */,
				4AC0C5C51D78A91100CBC059 /* SecondViewController.h */,
				4AC0C5C61D78A91100CBC059 /* SecondViewController.m */,
				4AC0C5C81D78A91100CBC059 /* Main.storyboard */,
				4AC0C5CB1D78A91100CBC059 /* Assets.xcassets */,
				4AC0C5CD1D78A91100CBC059 /* LaunchScreen.storyboard */,
				4AC0C5D01D78A91100CBC059 /* Info.plist */,
				4AC0C5BC1D78A91100CBC059 /* Supporting Files */,
			);
			path = AnswerDashDemo;
			sourceTree = "<group>";
		};
		4AC0C5BC1D78A91100CBC059 /* Supporting Files */ = {
			isa = PBXGroup;
			children = (
				4AC0C5BD1D78A91100CBC059 /* main.m */,
			);
			name = "Supporting Files";
			sourceTree = "<group>";
		};
/* End PBXGroup section */

/* Begin PBXNativeTarget section */
		4AC0C5B81D78A91100CBC059 /* AnswerDashDemo */ = {
			isa = PBXNativeTarget;
			buildConfigurationList = 4AC0C5D31D78A91100CBC059 /* Build configuration list for PBXNativeTarget "AnswerDashDemo" */;
			buildPhases = (
				4AC0C5B51D78A91100CBC059 /* Sources */,
				4AC0C5B61D78A91100CBC059 /* Frameworks */,
				4AC0C5B71D78A91100CBC059 /* Resources */,
				4AC0C5DD1D78AAB400CBC059 /* Embed Frameworks */,
			);
			buildRules = (
			);
			dependencies = (
			);
			name = AnswerDashDemo;
			productName = AnswerDashDemo;
			productReference = 4AC0C5B91D78A91100CBC059 /* AnswerDashDemo.app */;
			productType = "com.apple.product-type.application";
		};
/* End PBXNativeTarget section */

/* Begin PBXProject section */
		4AC0C5B11D78A91100CBC059 /* Project object */ = {
			isa = PBXProject;
			attributes = {
				LastUpgradeCheck = 0800;
				ORGANIZATIONNAME = "AnswerDash, Inc.";
				TargetAttributes = {
					4AC0C5B81D78A91100CBC059 = {
						CreatedOnToolsVersion = 7.3.1;
					};
				};
			};
			buildConfigurationList = 4AC0C5B41D78A91100CBC059 /* Build configuration list for PBXProject "AnswerDashDemo" */;
			compatibilityVersion = "Xcode 3.2";
			developmentRegion = English;
			hasScannedForEncodings = 0;
			knownRegions = (
				en,
				Base,
			);
			mainGroup = 4AC0C5B01D78A91100CBC059;
			productRefGroup = 4AC0C5BA1D78A91100CBC059 /* Products */;
			projectDirPath = "";
			projectRoot = "";
			targets = (
				4AC0C5B81D78A91100CBC059 /* AnswerDashDemo */,
			);
		};
/* End PBXProject section */

/* Begin PBXResourcesBuildPhase section */
		4AC0C5B71D78A91100CBC059 /* Resources */ = {
			isa = PBXResourcesBuildPhase;
			buildActionMask = 2147483647;
			files = (
				4AC0C5CF1D78A91100CBC059 /* LaunchScreen.storyboard in Resources */,
				4AC0C5CC1D78A91100CBC059 /* Assets.xcassets in Resources */,
				4AC0C5CA1D78A91100CBC059 /* Main.storyboard in Resources */,
			);
			runOnlyForDeploymentPostprocessing = 0;
		};
/* End PBXResourcesBuildPhase section */

/* Begin PBXSourcesBuildPhase section */
		4AC0C5B51D78A91100CBC059 /* Sources */ = {
			isa = PBXSourcesBuildPhase;
			buildActionMask = 2147483647;
			files = (
				4AC0C5C71D78A91100CBC059 /* SecondViewController.m in Sources */,
				4AC0C5C11D78A91100CBC059 /* AppDelegate.m in Sources */,
				4AC0C5C41D78A91100CBC059 /* FirstViewController.m in Sources */,
				4AC0C5BE1D78A91100CBC059 /* main.m in Sources */,
			);
			runOnlyForDeploymentPostprocessing = 0;
		};
/* End PBXSourcesBuildPhase section */

/* Begin PBXVariantGroup section */
		4AC0C5C81D78A91100CBC059 /* Main.storyboard */ = {
			isa = PBXVariantGroup;
			children = (
				4AC0C5C91D78A91100CBC059 /* Base */,
			);
			name = Main.storyboard;
			sourceTree = "<group>";
		};
		4AC0C5CD1D78A91100CBC059 /* LaunchScreen.storyboard */ = {
			isa = PBXVariantGroup;
			children = (
				4AC0C5CE1D78A91100CBC059 /* Base */,
			);
			name = LaunchScreen.storyboard;
			sourceTree = "<group>";
		};
/* End PBXVariantGroup section */

/* Begin XCBuildConfiguration section */
		4AC0C5D11D78A91100CBC059 /* Debug */ = {
			isa = XCBuildConfiguration;
			buildSettings = {
				ALWAYS_SEARCH_USER_PATHS = NO;
				CLANG_ANALYZER_NONNULL = YES;
				CLANG_CXX_LANGUAGE_STANDARD = "gnu++0x";
				CLANG_CXX_LIBRARY = "libc++";
				CLANG_ENABLE_MODULES = YES;
				CLANG_ENABLE_OBJC_ARC = YES;
				CLANG_WARN_BOOL_CONVERSION = YES;
				CLANG_WARN_CONSTANT_CONVERSION = YES;
				CLANG_WARN_DIRECT_OBJC_ISA_USAGE = YES_ERROR;
				CLANG_WARN_EMPTY_BODY = YES;
				CLANG_WARN_ENUM_CONVERSION = YES;
				CLANG_WARN_INFINITE_RECURSION = YES;
				CLANG_WARN_INT_CONVERSION = YES;
				CLANG_WARN_OBJC_ROOT_CLASS = YES_ERROR;
				CLANG_WARN_SUSPICIOUS_MOVE = YES;
				CLANG_WARN_UNREACHABLE_CODE = YES;
				CLANG_WARN__DUPLICATE_METHOD_MATCH = YES;
				"CODE_SIGN_IDENTITY[sdk=iphoneos*]" = "iPhone Developer";
				COPY_PHASE_STRIP = NO;
				DEBUG_INFORMATION_FORMAT = dwarf;
				ENABLE_STRICT_OBJC_MSGSEND = YES;
				ENABLE_TESTABILITY = YES;
				GCC_C_LANGUAGE_STANDARD = gnu99;
				GCC_DYNAMIC_NO_PIC = NO;
				GCC_NO_COMMON_BLOCKS = YES;
				GCC_OPTIMIZATION_LEVEL = 0;
				GCC_PREPROCESSOR_DEFINITIONS = (
					"DEBUG=1",
					"$(inherited)",
				);
				GCC_WARN_64_TO_32_BIT_CONVERSION = YES;
				GCC_WARN_ABOUT_RETURN_TYPE = YES_ERROR;
				GCC_WARN_UNDECLARED_SELECTOR = YES;
				GCC_WARN_UNINITIALIZED_AUTOS = YES_AGGRESSIVE;
				GCC_WARN_UNUSED_FUNCTION = YES;
				GCC_WARN_UNUSED_VARIABLE = YES;
				IPHONEOS_DEPLOYMENT_TARGET = 9.3;
				MTL_ENABLE_DEBUG_INFO = YES;
				ONLY_ACTIVE_ARCH = YES;
				SDKROOT = iphoneos;
				TARGETED_DEVICE_FAMILY = "1,2";
			};
			name = Debug;
		};
		4AC0C5D21D78A91100CBC059 /* Release */ = {
			isa = XCBuildConfiguration;
			buildSettings = {
				ALWAYS_SEARCH_USER_PATHS = NO;
				CLANG_ANALYZER_NONNULL = YES;
				CLANG_CXX_LANGUAGE_STANDARD = "gnu++0x";
				CLANG_CXX_LIBRARY = "libc++";
				CLANG_ENABLE_MODULES = YES;
				CLANG_ENABLE_OBJC_ARC = YES;
				CLANG_WARN_BOOL_CONVERSION = YES;
				CLANG_WARN_CONSTANT_CONVERSION = YES;
				CLANG_WARN_DIRECT_OBJC_ISA_USAGE = YES_ERROR;
				CLANG_WARN_EMPTY_BODY = YES;
				CLANG_WARN_ENUM_CONVERSION = YES;
				CLANG_WARN_INFINITE_RECURSION = YES;
				CLANG_WARN_INT_CONVERSION = YES;
				CLANG_WARN_OBJC_ROOT_CLASS = YES_ERROR;
				CLANG_WARN_SUSPICIOUS_MOVE = YES;
				CLANG_WARN_UNREACHABLE_CODE = YES;
				CLANG_WARN__DUPLICATE_METHOD_MATCH = YES;
				"CODE_SIGN_IDENTITY[sdk=iphoneos*]" = "iPhone Developer";
				COPY_PHASE_STRIP = NO;
				DEBUG_INFORMATION_FORMAT = "dwarf-with-dsym";
				ENABLE_NS_ASSERTIONS = NO;
				ENABLE_STRICT_OBJC_MSGSEND = YES;
				GCC_C_LANGUAGE_STANDARD = gnu99;
				GCC_NO_COMMON_BLOCKS = YES;
				GCC_WARN_64_TO_32_BIT_CONVERSION = YES;
				GCC_WARN_ABOUT_RETURN_TYPE = YES_ERROR;
				GCC_WARN_UNDECLARED_SELECTOR = YES;
				GCC_WARN_UNINITIALIZED_AUTOS = YES_AGGRESSIVE;
				GCC_WARN_UNUSED_FUNCTION = YES;
				GCC_WARN_UNUSED_VARIABLE = YES;
				IPHONEOS_DEPLOYMENT_TARGET = 9.3;
				MTL_ENABLE_DEBUG_INFO = NO;
				SDKROOT = iphoneos;
				TARGETED_DEVICE_FAMILY = "1,2";
				VALIDATE_PRODUCT = YES;
			};
			name = Release;
		};
		4AC0C5D41D78A91100CBC059 /* Debug */ = {
			isa = XCBuildConfiguration;
			buildSettings = {
				ALWAYS_EMBED_SWIFT_STANDARD_LIBRARIES = YES;
				ASSETCATALOG_COMPILER_APPICON_NAME = AppIcon;
				FRAMEWORK_SEARCH_PATHS = (
					"$(inherited)",
					"$(PROJECT_DIR)/AnswerDashDemo.xcodeproj",
				);
				INFOPLIST_FILE = AnswerDashDemo/Info.plist;
				LD_RUNPATH_SEARCH_PATHS = "$(inherited) @executable_path/Frameworks";
				PRODUCT_BUNDLE_IDENTIFIER = com.answerdash.test.AnswerDashDemo;
				PRODUCT_NAME = "$(TARGET_NAME)";
			};
			name = Debug;
		};
		4AC0C5D51D78A91100CBC059 /* Release */ = {
			isa = XCBuildConfiguration;
			buildSettings = {
				ALWAYS_EMBED_SWIFT_STANDARD_LIBRARIES = YES;
				ASSETCATALOG_COMPILER_APPICON_NAME = AppIcon;
				FRAMEWORK_SEARCH_PATHS = (
					"$(inherited)",
					"$(PROJECT_DIR)/AnswerDashDemo.xcodeproj",
				);
				INFOPLIST_FILE = AnswerDashDemo/Info.plist;
				LD_RUNPATH_SEARCH_PATHS = "$(inherited) @executable_path/Frameworks";
				PRODUCT_BUNDLE_IDENTIFIER = com.answerdash.test.AnswerDashDemo;
				PRODUCT_NAME = "$(TARGET_NAME)";
			};
			name = Release;
		};
/* End XCBuildConfiguration section */

/* Begin XCConfigurationList section */
		4AC0C5B41D78A91100CBC059 /* Build configuration list for PBXProject "AnswerDashDemo" */ = {
			isa = XCConfigurationList;
			buildConfigurations = (
				4AC0C5D11D78A91100CBC059 /* Debug */,
				4AC0C5D21D78A91100CBC059 /* Release */,
			);
			defaultConfigurationIsVisible = 0;
			defaultConfigurationName = Release;
		};
		4AC0C5D31D78A91100CBC059 /* Build configuration list for PBXNativeTarget "AnswerDashDemo" */ = {
			isa = XCConfigurationList;
			buildConfigurations = (
				4AC0C5D41D78A91100CBC059 /* Debug */,
				4AC0C5D51D78A91100CBC059 /* Release */,
			);
			defaultConfigurationIsVisible = 0;
			defaultConfigurationName = Release;
		};
/* End XCConfigurationList section */
	};
	rootObject = 4AC0C5B11D78A91100CBC059 /* Project object */;
}
